
Microsoft Visual Studio Solution File, Format Version 12.00
# Visual Studio 15
VisualStudioVersion = 15.0.28307.329
MinimumVisualStudioVersion = 10.0.40219.1
Project("{9A19103F-16F7-4668-BE54-9A1E7A4F7556}") = "TwitchBotV3", "TwitchBotV3\TwitchBotV3.csproj", "{7A67742F-67C4-4257-B6BA-A40FEA7F35C5}"
EndProject
Project("{E53339B2-1760-4266-BCC7-CA923CBCF16C}") = "docker-compose", "docker-compose.dcproj", "{52F6ECAA-93C4-4FF2-88A6-8777193D75F6}"
EndProject
Global
	GlobalSection(SolutionConfigurationPlatforms) = preSolution
		Debug|Any CPU = Debug|Any CPU
		Release|Any CPU = Release|Any CPU
	EndGlobalSection
	GlobalSection(ProjectConfigurationPlatforms) = postSolution
		{7A67742F-67C4-4257-B6BA-A40FEA7F35C5}.Debug|Any CPU.ActiveCfg = Debug|Any CPU
		{7A67742F-67C4-4257-B6BA-A40FEA7F35C5}.Debug|Any CPU.Build.0 = Debug|Any CPU
		{7A67742F-67C4-4257-B6BA-A40FEA7F35C5}.Release|Any CPU.ActiveCfg = Release|Any CPU
		{7A67742F-67C4-4257-B6BA-A40FEA7F35C5}.Release|Any CPU.Build.0 = Release|Any CPU
		{52F6ECAA-93C4-4FF2-88A6-8777193D75F6}.Debug|Any CPU.ActiveCfg = Debug|Any CPU
		{52F6ECAA-93C4-4FF2-88A6-8777193D75F6}.Debug|Any CPU.Build.0 = Debug|Any CPU
		{52F6ECAA-93C4-4FF2-88A6-8777193D75F6}.Release|Any CPU.ActiveCfg = Release|Any CPU
		{52F6ECAA-93C4-4FF2-88A6-8777193D75F6}.Release|Any CPU.Build.0 = Release|Any CPU
	EndGlobalSection
	GlobalSection(SolutionProperties) = preSolution
		HideSolutionNode = FALSE
	EndGlobalSection
	GlobalSection(ExtensibilityGlobals) = postSolution
		SolutionGuid = {6C4662E5-51C5-435B-A44F-18AB9DB12B91}
	EndGlobalSection
EndGlobal
